
Microsoft Visual Studio Solution File, Format Version 12.00
# Visual Studio Version 17
VisualStudioVersion = 17.0.32014.148
MinimumVisualStudioVersion = 10.0.40219.1
Project("{FAE04EC0-301F-11D3-BF4B-00C04F79EFBC}") = "PeopleApp", "PeopleApp\PeopleApp.csproj", "{6168D250-7627-4411-9A39-120EFFEDDE03}"
EndProject
Global
	GlobalSection(SolutionConfigurationPlatforms) = preSolution
		Debug|Any CPU = Debug|Any CPU
		Release|Any CPU = Release|Any CPU
	EndGlobalSection
	GlobalSection(ProjectConfigurationPlatforms) = postSolution
		{6168D250-7627-4411-9A39-120EFFEDDE03}.Debug|Any CPU.ActiveCfg = Debug|Any CPU
		{6168D250-7627-4411-9A39-120EFFEDDE03}.Debug|Any CPU.Build.0 = Debug|Any CPU
		{6168D250-7627-4411-9A39-120EFFEDDE03}.Release|Any CPU.ActiveCfg = Release|Any CPU
		{6168D250-7627-4411-9A39-120EFFEDDE03}.Release|Any CPU.Build.0 = Release|Any CPU
	EndGlobalSection
	GlobalSection(SolutionProperties) = preSolution
		HideSolutionNode = FALSE
	EndGlobalSection
	GlobalSection(ExtensibilityGlobals) = postSolution
		SolutionGuid = {D331CF5E-6442-4CB1-94DA-136B329B3A2B}
	EndGlobalSection
EndGlobal
